// !$*UTF8*$!
{
	archiveVersion = 1;
	classes = {
	};
	objectVersion = 46;
	objects = {

/* Begin PBXBuildFile section */
		0885810D1C5D48A7009C75D3 /* AppDelegate.swift in Sources */ = {isa = PBXBuildFile; fileRef = 0885810C1C5D48A7009C75D3 /* AppDelegate.swift */; };
		0885810F1C5D48A7009C75D3 /* ViewController.swift in Sources */ = {isa = PBXBuildFile; fileRef = 0885810E1C5D48A7009C75D3 /* ViewController.swift */; };
		088581121C5D48A7009C75D3 /* Main.storyboard in Resources */ = {isa = PBXBuildFile; fileRef = 088581101C5D48A7009C75D3 /* Main.storyboard */; };
		088581141C5D48A7009C75D3 /* Assets.xcassets in Resources */ = {isa = PBXBuildFile; fileRef = 088581131C5D48A7009C75D3 /* Assets.xcassets */; };
		088581171C5D48A7009C75D3 /* LaunchScreen.storyboard in Resources */ = {isa = PBXBuildFile; fileRef = 088581151C5D48A7009C75D3 /* LaunchScreen.storyboard */; };
/* End PBXBuildFile section */

/* Begin PBXFileReference section */
		088581091C5D48A7009C75D3 /* Hitori News.app */ = {isa = PBXFileReference; explicitFileType = wrapper.application; includeInIndex = 0; path = "Hitori News.app"; sourceTree = BUILT_PRODUCTS_DIR; };
		0885810C1C5D48A7009C75D3 /* AppDelegate.swift */ = {isa = PBXFileReference; lastKnownFileType = sourcecode.swift; path = AppDelegate.swift; sourceTree = "<group>"; };
		0885810E1C5D48A7009C75D3 /* ViewController.swift */ = {isa = PBXFileReference; lastKnownFileType = sourcecode.swift; path = ViewController.swift; sourceTree = "<group>"; };
		088581111C5D48A7009C75D3 /* Base */ = {isa = PBXFileReference; lastKnownFileType = file.storyboard; name = Base; path = Base.lproj/Main.storyboard; sourceTree = "<group>"; };
		088581131C5D48A7009C75D3 /* Assets.xcassets */ = {isa = PBXFileReference; lastKnownFileType = folder.assetcatalog; path = Assets.xcassets; sourceTree = "<group>"; };
		088581161C5D48A7009C75D3 /* Base */ = {isa = PBXFileReference; lastKnownFileType = file.storyboard; name = Base; path = Base.lproj/LaunchScreen.storyboard; sourceTree = "<group>"; };
		088581181C5D48A7009C75D3 /* Info.plist */ = {isa = PBXFileReference; lastKnownFileType = text.plist.xml; path = Info.plist; sourceTree = "<group>"; };
/* End PBXFileReference section */

/* Begin PBXFrameworksBuildPhase section */
		088581061C5D48A7009C75D3 /* Frameworks */ = {
			isa = PBXFrameworksBuildPhase;
			buildActionMask = 2147483647;
			files = (
			);
			runOnlyForDeploymentPostprocessing = 0;
		};
/* End PBXFrameworksBuildPhase section */

/* Begin PBXGroup section */
		088581001C5D48A7009C75D3 = {
			isa = PBXGroup;
			children = (
				0885810B1C5D48A7009C75D3 /* Hitori News */,
				0885810A1C5D48A7009C75D3 /* Products */,
			);
			sourceTree = "<group>";
		};
		0885810A1C5D48A7009C75D3 /* Products */ = {
			isa = PBXGroup;
			children = (
				088581091C5D48A7009C75D3 /* Hitori News.app */,
			);
			name = Products;
			sourceTree = "<group>";
		};
		0885810B1C5D48A7009C75D3 /* Hitori News */ = {
			isa = PBXGroup;
			children = (
				0885810C1C5D48A7009C75D3 /* AppDelegate.swift */,
				0885810E1C5D48A7009C75D3 /* ViewController.swift */,
				088581101C5D48A7009C75D3 /* Main.storyboard */,
				088581131C5D48A7009C75D3 /* Assets.xcassets */,
				088581151C5D48A7009C75D3 /* LaunchScreen.storyboard */,
				088581181C5D48A7009C75D3 /* Info.plist */,
			);
			path = "Hitori News";
			sourceTree = "<group>";
		};
/* End PBXGroup section */

/* Begin PBXNativeTarget section */
		088581081C5D48A7009C75D3 /* Hitori News */ = {
			isa = PBXNativeTarget;
			buildConfigurationList = 0885811B1C5D48A7009C75D3 /* Build configuration list for PBXNativeTarget "Hitori News" */;
			buildPhases = (
				088581051C5D48A7009C75D3 /* Sources */,
				088581061C5D48A7009C75D3 /* Frameworks */,
				088581071C5D48A7009C75D3 /* Resources */,
			);
			buildRules = (
			);
			dependencies = (
			);
			name = "Hitori News";
			productName = "Hitori News";
			productReference = 088581091C5D48A7009C75D3 /* Hitori News.app */;
			productType = "com.apple.product-type.application";
		};
/* End PBXNativeTarget section */

/* Begin PBXProject section */
		088581011C5D48A7009C75D3 /* Project object */ = {
			isa = PBXProject;
			attributes = {
				LastSwiftUpdateCheck = 0720;
				LastUpgradeCheck = 0720;
				ORGANIZATIONNAME = "Hitori Achmad";
				TargetAttributes = {
					088581081C5D48A7009C75D3 = {
						CreatedOnToolsVersion = 7.2;
						DevelopmentTeam = 4FPWJ9YV82;
					};
				};
			};
			buildConfigurationList = 088581041C5D48A7009C75D3 /* Build configuration list for PBXProject "Hitori News" */;
			compatibilityVersion = "Xcode 3.2";
			developmentRegion = English;
			hasScannedForEncodings = 0;
			knownRegions = (
				en,
				Base,
			);
			mainGroup = 088581001C5D48A7009C75D3;
			productRefGroup = 0885810A1C5D48A7009C75D3 /* Products */;
			projectDirPath = "";
			projectRoot = "";
			targets = (
				088581081C5D48A7009C75D3 /* Hitori News */,
			);
		};
/* End PBXProject section */

/* Begin PBXResourcesBuildPhase section */
		088581071C5D48A7009C75D3 /* Resources */ = {
			isa = PBXResourcesBuildPhase;
			buildActionMask = 2147483647;
			files = (
				088581171C5D48A7009C75D3 /* LaunchScreen.storyboard in Resources */,
				088581141C5D48A7009C75D3 /* Assets.xcassets in Resources */,
				088581121C5D48A7009C75D3 /* Main.storyboard in Resources */,
			);
			runOnlyForDeploymentPostprocessing = 0;
		};
/* End PBXResourcesBuildPhase section */

/* Begin PBXSourcesBuildPhase section */
		088581051C5D48A7009C75D3 /* Sources */ = {
			isa = PBXSourcesBuildPhase;
			buildActionMask = 2147483647;
			files = (
				0885810F1C5D48A7009C75D3 /* ViewController.swift in Sources */,
				0885810D1C5D48A7009C75D3 /* AppDelegate.swift in Sources */,
			);
			runOnlyForDeploymentPostprocessing = 0;
		};
/* End PBXSourcesBuildPhase section */

/* Begin PBXVariantGroup section */
		088581101C5D48A7009C75D3 /* Main.storyboard */ = {
			isa = PBXVariantGroup;
			children = (
				088581111C5D48A7009C75D3 /* Base */,
			);
			name = Main.storyboard;
			sourceTree = "<group>";
		};
		088581151C5D48A7009C75D3 /* LaunchScreen.storyboard */ = {
			isa = PBXVariantGroup;
			children = (
				088581161C5D48A7009C75D3 /* Base */,
			);
			name = LaunchScreen.storyboard;
			sourceTree = "<group>";
		};
/* End PBXVariantGroup section */

/* Begin XCBuildConfiguration section */
		088581191C5D48A7009C75D3 /* Debug */ = {
			isa = XCBuildConfiguration;
			buildSettings = {
				ALWAYS_SEARCH_USER_PATHS = NO;
				CLANG_CXX_LANGUAGE_STANDARD = "gnu++0x";
				CLANG_CXX_LIBRARY = "libc++";
				CLANG_ENABLE_MODULES = YES;
				CLANG_ENABLE_OBJC_ARC = YES;
				CLANG_WARN_BOOL_CONVERSION = YES;
				CLANG_WARN_CONSTANT_CONVERSION = YES;
				CLANG_WARN_DIRECT_OBJC_ISA_USAGE = YES_ERROR;
				CLANG_WARN_EMPTY_BODY = YES;
				CLANG_WARN_ENUM_CONVERSION = YES;
				CLANG_WARN_INT_CONVERSION = YES;
				CLANG_WARN_OBJC_ROOT_CLASS = YES_ERROR;
				CLANG_WARN_UNREACHABLE_CODE = YES;
				CLANG_WARN__DUPLICATE_METHOD_MATCH = YES;
				"CODE_SIGN_IDENTITY[sdk=iphoneos*]" = "iPhone Developer";
				COPY_PHASE_STRIP = NO;
				DEBUG_INFORMATION_FORMAT = dwarf;
				ENABLE_STRICT_OBJC_MSGSEND = YES;
				ENABLE_TESTABILITY = YES;
				GCC_C_LANGUAGE_STANDARD = gnu99;
				GCC_DYNAMIC_NO_PIC = NO;
				GCC_NO_COMMON_BLOCKS = YES;
				GCC_OPTIMIZATION_LEVEL = 0;
				GCC_PREPROCESSOR_DEFINITIONS = (
					"DEBUG=1",
					"$(inherited)",
				);
				GCC_WARN_64_TO_32_BIT_CONVERSION = YES;
				GCC_WARN_ABOUT_RETURN_TYPE = YES_ERROR;
				GCC_WARN_UNDECLARED_SELECTOR = YES;
				GCC_WARN_UNINITIALIZED_AUTOS = YES_AGGRESSIVE;
				GCC_WARN_UNUSED_FUNCTION = YES;
				GCC_WARN_UNUSED_VARIABLE = YES;
				IPHONEOS_DEPLOYMENT_TARGET = 9.2;
				MTL_ENABLE_DEBUG_INFO = YES;
				ONLY_ACTIVE_ARCH = YES;
				SDKROOT = iphoneos;
				SWIFT_OPTIMIZATION_LEVEL = "-Onone";
			};
			name = Debug;
		};
		0885811A1C5D48A7009C75D3 /* Release */ = {
			isa = XCBuildConfiguration;
			buildSettings = {
				ALWAYS_SEARCH_USER_PATHS = NO;
				CLANG_CXX_LANGUAGE_STANDARD = "gnu++0x";
				CLANG_CXX_LIBRARY = "libc++";
				CLANG_ENABLE_MODULES = YES;
				CLANG_ENABLE_OBJC_ARC = YES;
				CLANG_WARN_BOOL_CONVERSION = YES;
				CLANG_WARN_CONSTANT_CONVERSION = YES;
				CLANG_WARN_DIRECT_OBJC_ISA_USAGE = YES_ERROR;
				CLANG_WARN_EMPTY_BODY = YES;
				CLANG_WARN_ENUM_CONVERSION = YES;
				CLANG_WARN_INT_CONVERSION = YES;
				CLANG_WARN_OBJC_ROOT_CLASS = YES_ERROR;
				CLANG_WARN_UNREACHABLE_CODE = YES;
				CLANG_WARN__DUPLICATE_METHOD_MATCH = YES;
				"CODE_SIGN_IDENTITY[sdk=iphoneos*]" = "iPhone Developer";
				COPY_PHASE_STRIP = NO;
				DEBUG_INFORMATION_FORMAT = "dwarf-with-dsym";
				ENABLE_NS_ASSERTIONS = NO;
				ENABLE_STRICT_OBJC_MSGSEND = YES;
				GCC_C_LANGUAGE_STANDARD = gnu99;
				GCC_NO_COMMON_BLOCKS = YES;
				GCC_WARN_64_TO_32_BIT_CONVERSION = YES;
				GCC_WARN_ABOUT_RETURN_TYPE = YES_ERROR;
				GCC_WARN_UNDECLARED_SELECTOR = YES;
				GCC_WARN_UNINITIALIZED_AUTOS = YES_AGGRESSIVE;
				GCC_WARN_UNUSED_FUNCTION = YES;
				GCC_WARN_UNUSED_VARIABLE = YES;
				IPHONEOS_DEPLOYMENT_TARGET = 9.2;
				MTL_ENABLE_DEBUG_INFO = NO;
				SDKROOT = iphoneos;
				VALIDATE_PRODUCT = YES;
			};
			name = Release;
		};
		0885811C1C5D48A7009C75D3 /* Debug */ = {
			isa = XCBuildConfiguration;
			buildSettings = {
				ASSETCATALOG_COMPILER_APPICON_NAME = AppIcon;
				INFOPLIST_FILE = "Hitori News/Info.plist";
				LD_RUNPATH_SEARCH_PATHS = "$(inherited) @executable_path/Frameworks";
				PRODUCT_BUNDLE_IDENTIFIER = "hitori.production.network.Hitori-News";
				PRODUCT_NAME = "$(TARGET_NAME)";
			};
			name = Debug;
		};
		0885811D1C5D48A7009C75D3 /* Release */ = {
			isa = XCBuildConfiguration;
			buildSettings = {
				ASSETCATALOG_COMPILER_APPICON_NAME = AppIcon;
				INFOPLIST_FILE = "Hitori News/Info.plist";
				LD_RUNPATH_SEARCH_PATHS = "$(inherited) @executable_path/Frameworks";
				PRODUCT_BUNDLE_IDENTIFIER = "hitori.production.network.Hitori-News";
				PRODUCT_NAME = "$(TARGET_NAME)";
			};
			name = Release;
		};
/* End XCBuildConfiguration section */

/* Begin XCConfigurationList section */
		088581041C5D48A7009C75D3 /* Build configuration list for PBXProject "Hitori News" */ = {
			isa = XCConfigurationList;
			buildConfigurations = (
				088581191C5D48A7009C75D3 /* Debug */,
				0885811A1C5D48A7009C75D3 /* Release */,
			);
			defaultConfigurationIsVisible = 0;
			defaultConfigurationName = Release;
		};
		0885811B1C5D48A7009C75D3 /* Build configuration list for PBXNativeTarget "Hitori News" */ = {
			isa = XCConfigurationList;
			buildConfigurations = (
				0885811C1C5D48A7009C75D3 /* Debug */,
				0885811D1C5D48A7009C75D3 /* Release */,
			);
			defaultConfigurationIsVisible = 0;
		};
/* End XCConfigurationList section */
	};
	rootObject = 088581011C5D48A7009C75D3 /* Project object */;
}
