// !$*UTF8*$!
{
	archiveVersion = 1;
	classes = {
	};
	objectVersion = 46;
	objects = {

/* Begin PBXBuildFile section */
		087691E31C5D593E00145BB1 /* SwiftyJSON.swift in Sources */ = {isa = PBXBuildFile; fileRef = 087691E21C5D593E00145BB1 /* SwiftyJSON.swift */; };
		087691F21C5D6B3500145BB1 /* UIViewController.swift in Sources */ = {isa = PBXBuildFile; fileRef = 087691F11C5D6B3500145BB1 /* UIViewController.swift */; };
		087691F41C5D72EB00145BB1 /* UINavigationController.swift in Sources */ = {isa = PBXBuildFile; fileRef = 087691F31C5D72EB00145BB1 /* UINavigationController.swift */; };
		087691FE1C5FBA7700145BB1 /* ContainerVC.swift in Sources */ = {isa = PBXBuildFile; fileRef = 087691FD1C5FBA7700145BB1 /* ContainerVC.swift */; };
		087692041C5FCFA300145BB1 /* UIColor.swift in Sources */ = {isa = PBXBuildFile; fileRef = 087692031C5FCFA300145BB1 /* UIColor.swift */; };
		087692061C5FD02E00145BB1 /* String.swift in Sources */ = {isa = PBXBuildFile; fileRef = 087692051C5FD02E00145BB1 /* String.swift */; };
		087692081C5FD48E00145BB1 /* MasterViewController.swift in Sources */ = {isa = PBXBuildFile; fileRef = 087692071C5FD48E00145BB1 /* MasterViewController.swift */; };
		0876920A1C5FD93E00145BB1 /* LeftViewController.swift in Sources */ = {isa = PBXBuildFile; fileRef = 087692091C5FD93E00145BB1 /* LeftViewController.swift */; };
		0885810D1C5D48A7009C75D3 /* AppDelegate.swift in Sources */ = {isa = PBXBuildFile; fileRef = 0885810C1C5D48A7009C75D3 /* AppDelegate.swift */; };
		088581121C5D48A7009C75D3 /* Main.storyboard in Resources */ = {isa = PBXBuildFile; fileRef = 088581101C5D48A7009C75D3 /* Main.storyboard */; };
		088581141C5D48A7009C75D3 /* Assets.xcassets in Resources */ = {isa = PBXBuildFile; fileRef = 088581131C5D48A7009C75D3 /* Assets.xcassets */; };
		088581171C5D48A7009C75D3 /* LaunchScreen.storyboard in Resources */ = {isa = PBXBuildFile; fileRef = 088581151C5D48A7009C75D3 /* LaunchScreen.storyboard */; };
		08FAA9D51C60DB890073D333 /* DummyViewController.swift in Sources */ = {isa = PBXBuildFile; fileRef = 08FAA9D41C60DB890073D333 /* DummyViewController.swift */; };
		08FAA9DA1C61021A0073D333 /* Halaman.swift in Sources */ = {isa = PBXBuildFile; fileRef = 08FAA9D91C61021A0073D333 /* Halaman.swift */; };
		20BAB2876EE9265D386FB317 /* Pods_Hitori_News.framework in Frameworks */ = {isa = PBXBuildFile; fileRef = B7DC9B6FE60C035CA75DF1BD /* Pods_Hitori_News.framework */; };
/* End PBXBuildFile section */

/* Begin PBXFileReference section */
		087691E21C5D593E00145BB1 /* SwiftyJSON.swift */ = {isa = PBXFileReference; fileEncoding = 4; lastKnownFileType = sourcecode.swift; path = SwiftyJSON.swift; sourceTree = "<group>"; };
		087691F11C5D6B3500145BB1 /* UIViewController.swift */ = {isa = PBXFileReference; fileEncoding = 4; lastKnownFileType = sourcecode.swift; path = UIViewController.swift; sourceTree = "<group>"; };
		087691F31C5D72EB00145BB1 /* UINavigationController.swift */ = {isa = PBXFileReference; fileEncoding = 4; lastKnownFileType = sourcecode.swift; path = UINavigationController.swift; sourceTree = "<group>"; };
		087691FD1C5FBA7700145BB1 /* ContainerVC.swift */ = {isa = PBXFileReference; fileEncoding = 4; lastKnownFileType = sourcecode.swift; path = ContainerVC.swift; sourceTree = "<group>"; };
		087692031C5FCFA300145BB1 /* UIColor.swift */ = {isa = PBXFileReference; fileEncoding = 4; lastKnownFileType = sourcecode.swift; path = UIColor.swift; sourceTree = "<group>"; };
		087692051C5FD02E00145BB1 /* String.swift */ = {isa = PBXFileReference; fileEncoding = 4; lastKnownFileType = sourcecode.swift; path = String.swift; sourceTree = "<group>"; };
		087692071C5FD48E00145BB1 /* MasterViewController.swift */ = {isa = PBXFileReference; fileEncoding = 4; lastKnownFileType = sourcecode.swift; path = MasterViewController.swift; sourceTree = "<group>"; };
		087692091C5FD93E00145BB1 /* LeftViewController.swift */ = {isa = PBXFileReference; fileEncoding = 4; lastKnownFileType = sourcecode.swift; path = LeftViewController.swift; sourceTree = "<group>"; };
		088581091C5D48A7009C75D3 /* Hitori News.app */ = {isa = PBXFileReference; explicitFileType = wrapper.application; includeInIndex = 0; path = "Hitori News.app"; sourceTree = BUILT_PRODUCTS_DIR; };
		0885810C1C5D48A7009C75D3 /* AppDelegate.swift */ = {isa = PBXFileReference; lastKnownFileType = sourcecode.swift; path = AppDelegate.swift; sourceTree = "<group>"; };
		088581111C5D48A7009C75D3 /* Base */ = {isa = PBXFileReference; lastKnownFileType = file.storyboard; name = Base; path = Base.lproj/Main.storyboard; sourceTree = "<group>"; };
		088581131C5D48A7009C75D3 /* Assets.xcassets */ = {isa = PBXFileReference; lastKnownFileType = folder.assetcatalog; path = Assets.xcassets; sourceTree = "<group>"; };
		088581161C5D48A7009C75D3 /* Base */ = {isa = PBXFileReference; lastKnownFileType = file.storyboard; name = Base; path = Base.lproj/LaunchScreen.storyboard; sourceTree = "<group>"; };
		088581181C5D48A7009C75D3 /* Info.plist */ = {isa = PBXFileReference; lastKnownFileType = text.plist.xml; path = Info.plist; sourceTree = "<group>"; };
		08FAA9D41C60DB890073D333 /* DummyViewController.swift */ = {isa = PBXFileReference; fileEncoding = 4; lastKnownFileType = sourcecode.swift; path = DummyViewController.swift; sourceTree = "<group>"; };
		08FAA9D91C61021A0073D333 /* Halaman.swift */ = {isa = PBXFileReference; fileEncoding = 4; lastKnownFileType = sourcecode.swift; name = Halaman.swift; path = "Hitori News/Model/Halaman.swift"; sourceTree = "<group>"; };
		B211700B909648807637D735 /* Pods-Hitori News.debug.xcconfig */ = {isa = PBXFileReference; includeInIndex = 1; lastKnownFileType = text.xcconfig; name = "Pods-Hitori News.debug.xcconfig"; path = "Pods/Target Support Files/Pods-Hitori News/Pods-Hitori News.debug.xcconfig"; sourceTree = "<group>"; };
		B7DC9B6FE60C035CA75DF1BD /* Pods_Hitori_News.framework */ = {isa = PBXFileReference; explicitFileType = wrapper.framework; includeInIndex = 0; path = Pods_Hitori_News.framework; sourceTree = BUILT_PRODUCTS_DIR; };
		F8DDB36C959971902B02DFAE /* Pods-Hitori News.release.xcconfig */ = {isa = PBXFileReference; includeInIndex = 1; lastKnownFileType = text.xcconfig; name = "Pods-Hitori News.release.xcconfig"; path = "Pods/Target Support Files/Pods-Hitori News/Pods-Hitori News.release.xcconfig"; sourceTree = "<group>"; };
/* End PBXFileReference section */

/* Begin PBXFrameworksBuildPhase section */
		088581061C5D48A7009C75D3 /* Frameworks */ = {
			isa = PBXFrameworksBuildPhase;
			buildActionMask = 2147483647;
			files = (
				20BAB2876EE9265D386FB317 /* Pods_Hitori_News.framework in Frameworks */,
			);
			runOnlyForDeploymentPostprocessing = 0;
		};
/* End PBXFrameworksBuildPhase section */

/* Begin PBXGroup section */
		087691F01C5D6ADB00145BB1 /* Ext */ = {
			isa = PBXGroup;
			children = (
				087691F11C5D6B3500145BB1 /* UIViewController.swift */,
				087691F31C5D72EB00145BB1 /* UINavigationController.swift */,
				087692031C5FCFA300145BB1 /* UIColor.swift */,
				087692051C5FD02E00145BB1 /* String.swift */,
			);
			name = Ext;
			sourceTree = "<group>";
		};
		088581001C5D48A7009C75D3 = {
			isa = PBXGroup;
			children = (
				08FAA9D61C6101750073D333 /* Model */,
				087691F01C5D6ADB00145BB1 /* Ext */,
				0885810B1C5D48A7009C75D3 /* Hitori News */,
				0885810A1C5D48A7009C75D3 /* Products */,
				9B3B61B5715179229548453F /* Pods */,
				2A0B20A19ADB3361DE2F6108 /* Frameworks */,
			);
			sourceTree = "<group>";
		};
		0885810A1C5D48A7009C75D3 /* Products */ = {
			isa = PBXGroup;
			children = (
				088581091C5D48A7009C75D3 /* Hitori News.app */,
			);
			name = Products;
			sourceTree = "<group>";
		};
		0885810B1C5D48A7009C75D3 /* Hitori News */ = {
			isa = PBXGroup;
			children = (
				0885810C1C5D48A7009C75D3 /* AppDelegate.swift */,
				087691E21C5D593E00145BB1 /* SwiftyJSON.swift */,
				088581101C5D48A7009C75D3 /* Main.storyboard */,
				088581131C5D48A7009C75D3 /* Assets.xcassets */,
				088581151C5D48A7009C75D3 /* LaunchScreen.storyboard */,
				088581181C5D48A7009C75D3 /* Info.plist */,
				087691FD1C5FBA7700145BB1 /* ContainerVC.swift */,
				087692071C5FD48E00145BB1 /* MasterViewController.swift */,
				087692091C5FD93E00145BB1 /* LeftViewController.swift */,
				08FAA9D41C60DB890073D333 /* DummyViewController.swift */,
			);
			path = "Hitori News";
			sourceTree = "<group>";
		};
		08FAA9D61C6101750073D333 /* Model */ = {
			isa = PBXGroup;
			children = (
				08FAA9D91C61021A0073D333 /* Halaman.swift */,
			);
			name = Model;
			sourceTree = "<group>";
		};
		2A0B20A19ADB3361DE2F6108 /* Frameworks */ = {
			isa = PBXGroup;
			children = (
				B7DC9B6FE60C035CA75DF1BD /* Pods_Hitori_News.framework */,
			);
			name = Frameworks;
			sourceTree = "<group>";
		};
		9B3B61B5715179229548453F /* Pods */ = {
			isa = PBXGroup;
			children = (
				B211700B909648807637D735 /* Pods-Hitori News.debug.xcconfig */,
				F8DDB36C959971902B02DFAE /* Pods-Hitori News.release.xcconfig */,
			);
			name = Pods;
			sourceTree = "<group>";
		};
/* End PBXGroup section */

/* Begin PBXNativeTarget section */
		088581081C5D48A7009C75D3 /* Hitori News */ = {
			isa = PBXNativeTarget;
			buildConfigurationList = 0885811B1C5D48A7009C75D3 /* Build configuration list for PBXNativeTarget "Hitori News" */;
			buildPhases = (
				6930E74979369B699A1996AC /* Check Pods Manifest.lock */,
				088581051C5D48A7009C75D3 /* Sources */,
				088581061C5D48A7009C75D3 /* Frameworks */,
				088581071C5D48A7009C75D3 /* Resources */,
				7DBE8EE62AEBF0C82A230A35 /* Embed Pods Frameworks */,
				82E6CE79A002230D28DA953D /* Copy Pods Resources */,
			);
			buildRules = (
			);
			dependencies = (
			);
			name = "Hitori News";
			productName = "Hitori News";
			productReference = 088581091C5D48A7009C75D3 /* Hitori News.app */;
			productType = "com.apple.product-type.application";
		};
/* End PBXNativeTarget section */

/* Begin PBXProject section */
		088581011C5D48A7009C75D3 /* Project object */ = {
			isa = PBXProject;
			attributes = {
				LastSwiftUpdateCheck = 0720;
				LastUpgradeCheck = 0720;
				ORGANIZATIONNAME = "Hitori Achmad";
				TargetAttributes = {
					088581081C5D48A7009C75D3 = {
						CreatedOnToolsVersion = 7.2;
						DevelopmentTeam = 4FPWJ9YV82;
					};
				};
			};
			buildConfigurationList = 088581041C5D48A7009C75D3 /* Build configuration list for PBXProject "Hitori News" */;
			compatibilityVersion = "Xcode 3.2";
			developmentRegion = English;
			hasScannedForEncodings = 0;
			knownRegions = (
				en,
				Base,
			);
			mainGroup = 088581001C5D48A7009C75D3;
			productRefGroup = 0885810A1C5D48A7009C75D3 /* Products */;
			projectDirPath = "";
			projectRoot = "";
			targets = (
				088581081C5D48A7009C75D3 /* Hitori News */,
			);
		};
/* End PBXProject section */

/* Begin PBXResourcesBuildPhase section */
		088581071C5D48A7009C75D3 /* Resources */ = {
			isa = PBXResourcesBuildPhase;
			buildActionMask = 2147483647;
			files = (
				088581171C5D48A7009C75D3 /* LaunchScreen.storyboard in Resources */,
				088581141C5D48A7009C75D3 /* Assets.xcassets in Resources */,
				088581121C5D48A7009C75D3 /* Main.storyboard in Resources */,
			);
			runOnlyForDeploymentPostprocessing = 0;
		};
/* End PBXResourcesBuildPhase section */

/* Begin PBXShellScriptBuildPhase section */
		6930E74979369B699A1996AC /* Check Pods Manifest.lock */ = {
			isa = PBXShellScriptBuildPhase;
			buildActionMask = 2147483647;
			files = (
			);
			inputPaths = (
			);
			name = "Check Pods Manifest.lock";
			outputPaths = (
			);
			runOnlyForDeploymentPostprocessing = 0;
			shellPath = /bin/sh;
			shellScript = "diff \"${PODS_ROOT}/../Podfile.lock\" \"${PODS_ROOT}/Manifest.lock\" > /dev/null\nif [[ $? != 0 ]] ; then\n    cat << EOM\nerror: The sandbox is not in sync with the Podfile.lock. Run 'pod install' or update your CocoaPods installation.\nEOM\n    exit 1\nfi\n";
			showEnvVarsInLog = 0;
		};
		7DBE8EE62AEBF0C82A230A35 /* Embed Pods Frameworks */ = {
			isa = PBXShellScriptBuildPhase;
			buildActionMask = 2147483647;
			files = (
			);
			inputPaths = (
			);
			name = "Embed Pods Frameworks";
			outputPaths = (
			);
			runOnlyForDeploymentPostprocessing = 0;
			shellPath = /bin/sh;
			shellScript = "\"${SRCROOT}/Pods/Target Support Files/Pods-Hitori News/Pods-Hitori News-frameworks.sh\"\n";
			showEnvVarsInLog = 0;
		};
		82E6CE79A002230D28DA953D /* Copy Pods Resources */ = {
			isa = PBXShellScriptBuildPhase;
			buildActionMask = 2147483647;
			files = (
			);
			inputPaths = (
			);
			name = "Copy Pods Resources";
			outputPaths = (
			);
			runOnlyForDeploymentPostprocessing = 0;
			shellPath = /bin/sh;
			shellScript = "\"${SRCROOT}/Pods/Target Support Files/Pods-Hitori News/Pods-Hitori News-resources.sh\"\n";
			showEnvVarsInLog = 0;
		};
/* End PBXShellScriptBuildPhase section */

/* Begin PBXSourcesBuildPhase section */
		088581051C5D48A7009C75D3 /* Sources */ = {
			isa = PBXSourcesBuildPhase;
			buildActionMask = 2147483647;
			files = (
				087692081C5FD48E00145BB1 /* MasterViewController.swift in Sources */,
				087691E31C5D593E00145BB1 /* SwiftyJSON.swift in Sources */,
				087691FE1C5FBA7700145BB1 /* ContainerVC.swift in Sources */,
				08FAA9D51C60DB890073D333 /* DummyViewController.swift in Sources */,
				087692061C5FD02E00145BB1 /* String.swift in Sources */,
				0885810D1C5D48A7009C75D3 /* AppDelegate.swift in Sources */,
				087692041C5FCFA300145BB1 /* UIColor.swift in Sources */,
				0876920A1C5FD93E00145BB1 /* LeftViewController.swift in Sources */,
				08FAA9DA1C61021A0073D333 /* Halaman.swift in Sources */,
				087691F41C5D72EB00145BB1 /* UINavigationController.swift in Sources */,
				087691F21C5D6B3500145BB1 /* UIViewController.swift in Sources */,
			);
			runOnlyForDeploymentPostprocessing = 0;
		};
/* End PBXSourcesBuildPhase section */

/* Begin PBXVariantGroup section */
		088581101C5D48A7009C75D3 /* Main.storyboard */ = {
			isa = PBXVariantGroup;
			children = (
				088581111C5D48A7009C75D3 /* Base */,
			);
			name = Main.storyboard;
			sourceTree = "<group>";
		};
		088581151C5D48A7009C75D3 /* LaunchScreen.storyboard */ = {
			isa = PBXVariantGroup;
			children = (
				088581161C5D48A7009C75D3 /* Base */,
			);
			name = LaunchScreen.storyboard;
			sourceTree = "<group>";
		};
/* End PBXVariantGroup section */

/* Begin XCBuildConfiguration section */
		088581191C5D48A7009C75D3 /* Debug */ = {
			isa = XCBuildConfiguration;
			buildSettings = {
				ALWAYS_SEARCH_USER_PATHS = NO;
				CLANG_CXX_LANGUAGE_STANDARD = "gnu++0x";
				CLANG_CXX_LIBRARY = "libc++";
				CLANG_ENABLE_MODULES = YES;
				CLANG_ENABLE_OBJC_ARC = YES;
				CLANG_WARN_BOOL_CONVERSION = YES;
				CLANG_WARN_CONSTANT_CONVERSION = YES;
				CLANG_WARN_DIRECT_OBJC_ISA_USAGE = YES_ERROR;
				CLANG_WARN_EMPTY_BODY = YES;
				CLANG_WARN_ENUM_CONVERSION = YES;
				CLANG_WARN_INT_CONVERSION = YES;
				CLANG_WARN_OBJC_ROOT_CLASS = YES_ERROR;
				CLANG_WARN_UNREACHABLE_CODE = YES;
				CLANG_WARN__DUPLICATE_METHOD_MATCH = YES;
				"CODE_SIGN_IDENTITY[sdk=iphoneos*]" = "iPhone Developer";
				COPY_PHASE_STRIP = NO;
				DEBUG_INFORMATION_FORMAT = dwarf;
				ENABLE_STRICT_OBJC_MSGSEND = YES;
				ENABLE_TESTABILITY = YES;
				GCC_C_LANGUAGE_STANDARD = gnu99;
				GCC_DYNAMIC_NO_PIC = NO;
				GCC_NO_COMMON_BLOCKS = YES;
				GCC_OPTIMIZATION_LEVEL = 0;
				GCC_PREPROCESSOR_DEFINITIONS = (
					"DEBUG=1",
					"$(inherited)",
				);
				GCC_WARN_64_TO_32_BIT_CONVERSION = YES;
				GCC_WARN_ABOUT_RETURN_TYPE = YES_ERROR;
				GCC_WARN_UNDECLARED_SELECTOR = YES;
				GCC_WARN_UNINITIALIZED_AUTOS = YES_AGGRESSIVE;
				GCC_WARN_UNUSED_FUNCTION = YES;
				GCC_WARN_UNUSED_VARIABLE = YES;
				IPHONEOS_DEPLOYMENT_TARGET = 9.2;
				MTL_ENABLE_DEBUG_INFO = YES;
				ONLY_ACTIVE_ARCH = YES;
				SDKROOT = iphoneos;
				SWIFT_OPTIMIZATION_LEVEL = "-Onone";
			};
			name = Debug;
		};
		0885811A1C5D48A7009C75D3 /* Release */ = {
			isa = XCBuildConfiguration;
			buildSettings = {
				ALWAYS_SEARCH_USER_PATHS = NO;
				CLANG_CXX_LANGUAGE_STANDARD = "gnu++0x";
				CLANG_CXX_LIBRARY = "libc++";
				CLANG_ENABLE_MODULES = YES;
				CLANG_ENABLE_OBJC_ARC = YES;
				CLANG_WARN_BOOL_CONVERSION = YES;
				CLANG_WARN_CONSTANT_CONVERSION = YES;
				CLANG_WARN_DIRECT_OBJC_ISA_USAGE = YES_ERROR;
				CLANG_WARN_EMPTY_BODY = YES;
				CLANG_WARN_ENUM_CONVERSION = YES;
				CLANG_WARN_INT_CONVERSION = YES;
				CLANG_WARN_OBJC_ROOT_CLASS = YES_ERROR;
				CLANG_WARN_UNREACHABLE_CODE = YES;
				CLANG_WARN__DUPLICATE_METHOD_MATCH = YES;
				"CODE_SIGN_IDENTITY[sdk=iphoneos*]" = "iPhone Developer";
				COPY_PHASE_STRIP = NO;
				DEBUG_INFORMATION_FORMAT = "dwarf-with-dsym";
				ENABLE_NS_ASSERTIONS = NO;
				ENABLE_STRICT_OBJC_MSGSEND = YES;
				GCC_C_LANGUAGE_STANDARD = gnu99;
				GCC_NO_COMMON_BLOCKS = YES;
				GCC_WARN_64_TO_32_BIT_CONVERSION = YES;
				GCC_WARN_ABOUT_RETURN_TYPE = YES_ERROR;
				GCC_WARN_UNDECLARED_SELECTOR = YES;
				GCC_WARN_UNINITIALIZED_AUTOS = YES_AGGRESSIVE;
				GCC_WARN_UNUSED_FUNCTION = YES;
				GCC_WARN_UNUSED_VARIABLE = YES;
				IPHONEOS_DEPLOYMENT_TARGET = 9.2;
				MTL_ENABLE_DEBUG_INFO = NO;
				SDKROOT = iphoneos;
				VALIDATE_PRODUCT = YES;
			};
			name = Release;
		};
		0885811C1C5D48A7009C75D3 /* Debug */ = {
			isa = XCBuildConfiguration;
			baseConfigurationReference = B211700B909648807637D735 /* Pods-Hitori News.debug.xcconfig */;
			buildSettings = {
				ASSETCATALOG_COMPILER_APPICON_NAME = AppIcon;
				CODE_SIGN_IDENTITY = "iPhone Developer";
				INFOPLIST_FILE = "Hitori News/Info.plist";
				IPHONEOS_DEPLOYMENT_TARGET = 9.1;
				LD_RUNPATH_SEARCH_PATHS = "$(inherited) @executable_path/Frameworks";
				PRODUCT_BUNDLE_IDENTIFIER = hitori.production.hitorinews;
				PRODUCT_NAME = "$(TARGET_NAME)";
				TARGETED_DEVICE_FAMILY = 1;
			};
			name = Debug;
		};
		0885811D1C5D48A7009C75D3 /* Release */ = {
			isa = XCBuildConfiguration;
			baseConfigurationReference = F8DDB36C959971902B02DFAE /* Pods-Hitori News.release.xcconfig */;
			buildSettings = {
				ASSETCATALOG_COMPILER_APPICON_NAME = AppIcon;
				CODE_SIGN_IDENTITY = "iPhone Developer";
				INFOPLIST_FILE = "Hitori News/Info.plist";
				IPHONEOS_DEPLOYMENT_TARGET = 9.1;
				LD_RUNPATH_SEARCH_PATHS = "$(inherited) @executable_path/Frameworks";
				PRODUCT_BUNDLE_IDENTIFIER = hitori.production.hitorinews;
				PRODUCT_NAME = "$(TARGET_NAME)";
				TARGETED_DEVICE_FAMILY = 1;
			};
			name = Release;
		};
/* End XCBuildConfiguration section */

/* Begin XCConfigurationList section */
		088581041C5D48A7009C75D3 /* Build configuration list for PBXProject "Hitori News" */ = {
			isa = XCConfigurationList;
			buildConfigurations = (
				088581191C5D48A7009C75D3 /* Debug */,
				0885811A1C5D48A7009C75D3 /* Release */,
			);
			defaultConfigurationIsVisible = 0;
			defaultConfigurationName = Release;
		};
		0885811B1C5D48A7009C75D3 /* Build configuration list for PBXNativeTarget "Hitori News" */ = {
			isa = XCConfigurationList;
			buildConfigurations = (
				0885811C1C5D48A7009C75D3 /* Debug */,
				0885811D1C5D48A7009C75D3 /* Release */,
			);
			defaultConfigurationIsVisible = 0;
			defaultConfigurationName = Release;
		};
/* End XCConfigurationList section */
	};
	rootObject = 088581011C5D48A7009C75D3 /* Project object */;
}
